
Microsoft Visual Studio Solution File, Format Version 12.00
# Visual Studio Version 17
VisualStudioVersion = 17.0.31903.59
MinimumVisualStudioVersion = 10.0.40219.1
Project("{2150E333-8FDC-42A3-9474-1A3956D46DE8}") = "src", "src", "{7D22D8E7-8779-44D3-BF3C-CA25252D633E}"
EndProject
Project("{FAE04EC0-301F-11D3-BF4B-00C04F79EFBC}") = "TFClassic.Core", "src\TFClassic.Core\TFClassic.Core.csproj", "{23D41FE2-C66D-4B6D-9059-DB6BC514B156}"
EndProject
Project("{FAE04EC0-301F-11D3-BF4B-00C04F79EFBC}") = "TFClassic.Game", "src\TFClassic.Game\TFClassic.Game.csproj", "{98717AA7-EF97-42F4-89A0-8F3EA0A6CB1A}"
EndProject
Project("{2150E333-8FDC-42A3-9474-1A3956D46DE8}") = "tests", "tests", "{8D5AE7A8-A74F-4CF1-A06B-340E57EC3CE1}"
EndProject
Project("{FAE04EC0-301F-11D3-BF4B-00C04F79EFBC}") = "TFClassic.Tests", "tests\TFClassic.Tests\TFClassic.Tests.csproj", "{5634C090-CA94-49EF-8EF6-D51A36738A77}"
EndProject
Global
	GlobalSection(SolutionConfigurationPlatforms) = preSolution
		Debug|Any CPU = Debug|Any CPU
		Release|Any CPU = Release|Any CPU
	EndGlobalSection
	GlobalSection(SolutionProperties) = preSolution
		HideSolutionNode = FALSE
	EndGlobalSection
	GlobalSection(ProjectConfigurationPlatforms) = postSolution
		{23D41FE2-C66D-4B6D-9059-DB6BC514B156}.Debug|Any CPU.ActiveCfg = Debug|Any CPU
		{23D41FE2-C66D-4B6D-9059-DB6BC514B156}.Debug|Any CPU.Build.0 = Debug|Any CPU
		{23D41FE2-C66D-4B6D-9059-DB6BC514B156}.Release|Any CPU.ActiveCfg = Release|Any CPU
		{23D41FE2-C66D-4B6D-9059-DB6BC514B156}.Release|Any CPU.Build.0 = Release|Any CPU
		{98717AA7-EF97-42F4-89A0-8F3EA0A6CB1A}.Debug|Any CPU.ActiveCfg = Debug|Any CPU
		{98717AA7-EF97-42F4-89A0-8F3EA0A6CB1A}.Debug|Any CPU.Build.0 = Debug|Any CPU
		{98717AA7-EF97-42F4-89A0-8F3EA0A6CB1A}.Release|Any CPU.ActiveCfg = Release|Any CPU
		{98717AA7-EF97-42F4-89A0-8F3EA0A6CB1A}.Release|Any CPU.Build.0 = Release|Any CPU
		{5634C090-CA94-49EF-8EF6-D51A36738A77}.Debug|Any CPU.ActiveCfg = Debug|Any CPU
		{5634C090-CA94-49EF-8EF6-D51A36738A77}.Debug|Any CPU.Build.0 = Debug|Any CPU
		{5634C090-CA94-49EF-8EF6-D51A36738A77}.Release|Any CPU.ActiveCfg = Release|Any CPU
		{5634C090-CA94-49EF-8EF6-D51A36738A77}.Release|Any CPU.Build.0 = Release|Any CPU
	EndGlobalSection
	GlobalSection(NestedProjects) = preSolution
		{23D41FE2-C66D-4B6D-9059-DB6BC514B156} = {7D22D8E7-8779-44D3-BF3C-CA25252D633E}
		{98717AA7-EF97-42F4-89A0-8F3EA0A6CB1A} = {7D22D8E7-8779-44D3-BF3C-CA25252D633E}
		{5634C090-CA94-49EF-8EF6-D51A36738A77} = {8D5AE7A8-A74F-4CF1-A06B-340E57EC3CE1}
	EndGlobalSection
EndGlobal
